schema: '2.0'
stages:
  Ingestion:
    cmd: python -m src.components.data_ingestion
    deps:
    - path: params.yaml
      hash: md5
      md5: 63e687b329bb2e935d268e97518e9ede
      size: 1416
    - path: src/components/data_ingestion.py
      hash: md5
      md5: 1dfbacc40be95bc0e40ace7ccfdd995e
      size: 2187
    - path: src/exception.py
      hash: md5
      md5: e01a236fee3a43143eedd36c4c48a394
      size: 2001
    - path: src/logger.py
      hash: md5
      md5: 15b6a0280af2693891c8b6ee9eb269c4
      size: 505
    outs:
    - path: data/raw/Algerian_forest_fires_dataset.csv
      hash: md5
      md5: 4b8bc2d26385c1da25972695477142fe
      size: 14445
      isexec: true
  Prepare:
    cmd: python -m src.components.data_factory
    deps:
    - path: data/raw/Algerian_forest_fires_dataset.csv
      hash: md5
      md5: 4b8bc2d26385c1da25972695477142fe
      size: 14445
    - path: params.yaml
      hash: md5
      md5: 63e687b329bb2e935d268e97518e9ede
      size: 1416
    - path: src/components/data_factory.py
      hash: md5
      md5: 18609bd216a5ea93b156ad54b1a4e3f1
      size: 6915
    - path: src/exception.py
      hash: md5
      md5: e01a236fee3a43143eedd36c4c48a394
      size: 2001
    - path: src/logger.py
      hash: md5
      md5: 15b6a0280af2693891c8b6ee9eb269c4
      size: 505
    - path: src/utils.py
      hash: md5
      md5: 4b04a36c47f8c974cd65d7d9fcd3c1d7
      size: 4868
    outs:
    - path: artifacts/selected_features.json
      hash: md5
      md5: 7ac713a3544b0f44367cce0066ccd026
      size: 99
      isexec: true
    - path: checkpoints/preprocessor.pkl
      hash: md5
      md5: 03740c06b684cb5b8aa528a5011f873f
      size: 1082
      isexec: true
    - path: data/processed/X_test.npy
      hash: md5
      md5: 3bd549d7fc753255917604a1f7389cb8
      size: 3656
      isexec: true
    - path: data/processed/X_train.npy
      hash: md5
      md5: 156fb7a3e0d936e022ae905f8ae12fa8
      size: 14096
      isexec: true
    - path: data/processed/y_test.npy
      hash: md5
      md5: f5935bae35d1c5f2e696ce51f37e1375
      size: 520
      isexec: true
    - path: data/processed/y_train.npy
      hash: md5
      md5: dffa7e15cc495cf0981a26714f6f7c9a
      size: 1680
      isexec: true
  Training:
    cmd: python -m src.components.model_training
    deps:
    - path: data/processed/X_test.npy
      hash: md5
      md5: 3bd549d7fc753255917604a1f7389cb8
      size: 3656
    - path: data/processed/X_train.npy
      hash: md5
      md5: 156fb7a3e0d936e022ae905f8ae12fa8
      size: 14096
    - path: data/processed/y_test.npy
      hash: md5
      md5: f5935bae35d1c5f2e696ce51f37e1375
      size: 520
    - path: data/processed/y_train.npy
      hash: md5
      md5: dffa7e15cc495cf0981a26714f6f7c9a
      size: 1680
    - path: params.yaml
      hash: md5
      md5: 63e687b329bb2e935d268e97518e9ede
      size: 1416
    - path: src/components/model_training.py
      hash: md5
      md5: cb156ae3f5d1ef1ad322fbb2b3f59fef
      size: 7654
    - path: src/exception.py
      hash: md5
      md5: e01a236fee3a43143eedd36c4c48a394
      size: 2001
    - path: src/logger.py
      hash: md5
      md5: 15b6a0280af2693891c8b6ee9eb269c4
      size: 505
    - path: src/utils.py
      hash: md5
      md5: 4b04a36c47f8c974cd65d7d9fcd3c1d7
      size: 4868
    outs:
    - path: artifacts/auc_plot.png
      hash: md5
      md5: 24d19732204b4406504ac4f702e63503
      size: 37360
      isexec: true
    - path: artifacts/classification_report.txt
      hash: md5
      md5: 50643be9c87d3ae9810a6531ee1be15c
      size: 326
      isexec: true
    - path: artifacts/confusion_matrix.png
      hash: md5
      md5: e43b49810ea607f36d4964c02da87ff6
      size: 18962
      isexec: true
    - path: artifacts/metrics.json
      hash: md5
      md5: 4f7c065598a6f83453a505fefb8f8575
      size: 154
      isexec: true
    - path: artifacts/pr_curve.png
      hash: md5
      md5: 8806b8c695def47b00af562bd1be5f75
      size: 27461
      isexec: true
    - path: checkpoints/SVC.pkl
      hash: md5
      md5: e4b3a7184135d325529dd712a7065827
      size: 8511
      isexec: true
