schema: '2.0'
stages:
  Ingestion:
    cmd: python -m src.components.data_ingestion
    deps:
    - path: params.yaml
      hash: md5
      md5: b0df50d26508dd40bd28f9603e4af465
      size: 1423
    - path: src/components/data_ingestion.py
      hash: md5
      md5: 1f1b9a43f386e9aa2bcbd96f594816db
      size: 2193
    - path: src/exception.py
      hash: md5
      md5: 9f1ccd66d7ece6eac4e920015d575e35
      size: 2056
    - path: src/logger.py
      hash: md5
      md5: 15b6a0280af2693891c8b6ee9eb269c4
      size: 505
    outs:
    - path: data/raw/Algerian_forest_fires_dataset.csv
      hash: md5
      md5: 4b8bc2d26385c1da25972695477142fe
      size: 14445
      isexec: true
  Prepare:
    cmd: python -m src.components.data_factory
    deps:
    - path: data/raw/Algerian_forest_fires_dataset.csv
      hash: md5
      md5: 4b8bc2d26385c1da25972695477142fe
      size: 14445
    - path: params.yaml
      hash: md5
      md5: b0df50d26508dd40bd28f9603e4af465
      size: 1423
    - path: src/components/data_factory.py
      hash: md5
      md5: bd519e19fcde80a8c8f54ba49c4655c9
      size: 6917
    - path: src/exception.py
      hash: md5
      md5: 9f1ccd66d7ece6eac4e920015d575e35
      size: 2056
    - path: src/logger.py
      hash: md5
      md5: 15b6a0280af2693891c8b6ee9eb269c4
      size: 505
    - path: src/utils.py
      hash: md5
      md5: 4b04a36c47f8c974cd65d7d9fcd3c1d7
      size: 4868
    outs:
    - path: artifacts/selected_features.json
      hash: md5
      md5: 7d9c1c2b1770d5d47be5608403c38bed
      size: 37
      isexec: true
    - path: checkpoints/preprocessor.pkl
      hash: md5
      md5: a7eda0c56c076697a95b30c2e5eb31b0
      size: 684
      isexec: true
    - path: data/processed/X_test.npy
      hash: md5
      md5: 9ef0a1041763fee304c122480b4bdf4a
      size: 1296
      isexec: true
    - path: data/processed/X_train.npy
      hash: md5
      md5: 3c22637e8ce4f3b1a5e364117a8c9d08
      size: 2848
      isexec: true
    - path: data/processed/y_test.npy
      hash: md5
      md5: 98dce2dcb3ea55640bc8ba90fc525419
      size: 712
      isexec: true
    - path: data/processed/y_train.npy
      hash: md5
      md5: c1bd710b2e00e2642e863c5c7ccecde4
      size: 1488
      isexec: true
  Training:
    cmd: python -m src.components.model_training
    deps:
    - path: data/processed/X_test.npy
      hash: md5
      md5: 9ef0a1041763fee304c122480b4bdf4a
      size: 1296
    - path: data/processed/X_train.npy
      hash: md5
      md5: 3c22637e8ce4f3b1a5e364117a8c9d08
      size: 2848
    - path: data/processed/y_test.npy
      hash: md5
      md5: 98dce2dcb3ea55640bc8ba90fc525419
      size: 712
    - path: data/processed/y_train.npy
      hash: md5
      md5: c1bd710b2e00e2642e863c5c7ccecde4
      size: 1488
    - path: params.yaml
      hash: md5
      md5: e7993abf648b7bcbde2f0c048dd5996e
      size: 1426
      isexec: true
    - path: src/components/model_training.py
      hash: md5
      md5: 5406899d198600b18450f8717dd25f95
      size: 8478
    - path: src/exception.py
      hash: md5
      md5: 9f1ccd66d7ece6eac4e920015d575e35
      size: 2056
    - path: src/logger.py
      hash: md5
      md5: 15b6a0280af2693891c8b6ee9eb269c4
      size: 505
    - path: src/utils.py
      hash: md5
      md5: 4b04a36c47f8c974cd65d7d9fcd3c1d7
      size: 4868
    outs:
    - path: artifacts/auc_plot.png
      hash: md5
      md5: 7fc79ce0c88ad5e48fb2db68309c47cb
      size: 37020
      isexec: true
    - path: artifacts/classification_report.txt
      hash: md5
      md5: 2240c71775c19e9830a08652c0ef841c
      size: 326
      isexec: true
    - path: artifacts/confusion_matrix.png
      hash: md5
      md5: b901c3b039ad5b50f021fff921ab05f6
      size: 17196
      isexec: true
    - path: artifacts/metrics.json
      hash: md5
      md5: f00e4626977dedb4e9e8697b7bfa6a93
      size: 154
      isexec: true
    - path: artifacts/pr_curve.png
      hash: md5
      md5: 2218a3c5be3ed203628088ab0b6f1fa6
      size: 27819
      isexec: true
    - path: checkpoints/LinearDiscriminantAnalysis.pkl
      hash: md5
      md5: a969dc04baa75691207d60b187b232f9
      size: 972
      isexec: true
