schema: '2.0'
stages:
  Ingestion:
    cmd: python -m src.components.data_ingestion
    deps:
    - path: params.yaml
      hash: md5
      md5: 85be15d2ac431001c6f6a9d7c0caa572
      size: 1423
    - path: src/components/data_ingestion.py
      hash: md5
      md5: 1f1b9a43f386e9aa2bcbd96f594816db
      size: 2193
    - path: src/exception.py
      hash: md5
      md5: 9f1ccd66d7ece6eac4e920015d575e35
      size: 2056
    - path: src/logger.py
      hash: md5
      md5: 15b6a0280af2693891c8b6ee9eb269c4
      size: 505
    outs:
    - path: data/raw/Algerian_forest_fires_dataset.csv
      hash: md5
      md5: 4b8bc2d26385c1da25972695477142fe
      size: 14445
      isexec: true
  Prepare:
    cmd: python -m src.components.data_factory
    deps:
    - path: data/raw/Algerian_forest_fires_dataset.csv
      hash: md5
      md5: 4b8bc2d26385c1da25972695477142fe
      size: 14445
    - path: params.yaml
      hash: md5
      md5: 85be15d2ac431001c6f6a9d7c0caa572
      size: 1423
    - path: src/components/data_factory.py
      hash: md5
      md5: bd519e19fcde80a8c8f54ba49c4655c9
      size: 6917
    - path: src/exception.py
      hash: md5
      md5: 9f1ccd66d7ece6eac4e920015d575e35
      size: 2056
    - path: src/logger.py
      hash: md5
      md5: 15b6a0280af2693891c8b6ee9eb269c4
      size: 505
    - path: src/utils.py
      hash: md5
      md5: 4b04a36c47f8c974cd65d7d9fcd3c1d7
      size: 4868
    outs:
    - path: artifacts/selected_features.json
      hash: md5
      md5: 7d9c1c2b1770d5d47be5608403c38bed
      size: 37
      isexec: true
    - path: checkpoints/preprocessor.pkl
      hash: md5
      md5: f9febbfd35e643ab67a3d0bd7233cba8
      size: 747
      isexec: true
    - path: data/processed/X_test.npy
      hash: md5
      md5: 9feb8d36dcfb24d76a5532eab5c50c42
      size: 1296
      isexec: true
    - path: data/processed/X_train.npy
      hash: md5
      md5: c76c118021b4d3911b1f1b21b1c7098a
      size: 2848
      isexec: true
    - path: data/processed/y_test.npy
      hash: md5
      md5: 98dce2dcb3ea55640bc8ba90fc525419
      size: 712
      isexec: true
    - path: data/processed/y_train.npy
      hash: md5
      md5: c1bd710b2e00e2642e863c5c7ccecde4
      size: 1488
      isexec: true
  Training:
    cmd: python -m src.components.model_training
    deps:
    - path: data/processed/X_test.npy
      hash: md5
      md5: 9feb8d36dcfb24d76a5532eab5c50c42
      size: 1296
    - path: data/processed/X_train.npy
      hash: md5
      md5: c76c118021b4d3911b1f1b21b1c7098a
      size: 2848
    - path: data/processed/y_test.npy
      hash: md5
      md5: 98dce2dcb3ea55640bc8ba90fc525419
      size: 712
    - path: data/processed/y_train.npy
      hash: md5
      md5: c1bd710b2e00e2642e863c5c7ccecde4
      size: 1488
    - path: params.yaml
      hash: md5
      md5: 85be15d2ac431001c6f6a9d7c0caa572
      size: 1423
    - path: src/components/model_training.py
      hash: md5
      md5: feaf26166f66951a0110c91f85aea0eb
      size: 8461
    - path: src/exception.py
      hash: md5
      md5: 9f1ccd66d7ece6eac4e920015d575e35
      size: 2056
    - path: src/logger.py
      hash: md5
      md5: 15b6a0280af2693891c8b6ee9eb269c4
      size: 505
    - path: src/utils.py
      hash: md5
      md5: 4b04a36c47f8c974cd65d7d9fcd3c1d7
      size: 4868
    outs:
    - path: artifacts/auc_plot.png
      hash: md5
      md5: 91ff614d60f320bc0a9bd9136dbdd8ac
      size: 37153
      isexec: true
    - path: artifacts/classification_report.txt
      hash: md5
      md5: 9b9bd77e7e95af5a81c2341a9a096ce7
      size: 326
      isexec: true
    - path: artifacts/confusion_matrix.png
      hash: md5
      md5: f91e7e1bec151331e2245c4da1be9f6f
      size: 17314
      isexec: true
    - path: artifacts/metrics.json
      hash: md5
      md5: 1843cab852e196f1da0d3f5a256925cd
      size: 154
      isexec: true
    - path: artifacts/pr_curve.png
      hash: md5
      md5: d531d553b38cc40c4691fc354781bfa8
      size: 24083
      isexec: true
    - path: checkpoints/AdaBoostClassifier.pkl
      hash: md5
      md5: 42e83a8735cb4c1d28d2a2d86d7ed89c
      size: 28947
      isexec: true
